// !$*UTF8*$!
{
	archiveVersion = 1;
	classes = {
	};
	objectVersion = 56;
	objects = {

/* Begin PBXBuildFile section */
		021026B42ABEC1140017990B /* ProfileModuleViewController.swift in Sources */ = {isa = PBXBuildFile; fileRef = 021026B32ABEC1140017990B /* ProfileModuleViewController.swift */; };
		021026B62ABEC7C80017990B /* ProfileTabCoordinator.swift in Sources */ = {isa = PBXBuildFile; fileRef = 021026B52ABEC7C80017990B /* ProfileTabCoordinator.swift */; };
		021026B82ABED3130017990B /* ProfileCoordinator.swift in Sources */ = {isa = PBXBuildFile; fileRef = 021026B72ABED3130017990B /* ProfileCoordinator.swift */; };
		02B541862ABDE3CA009929B8 /* AppDelegate.swift in Sources */ = {isa = PBXBuildFile; fileRef = 02B541852ABDE3CA009929B8 /* AppDelegate.swift */; };
		02B5418F2ABDE3CB009929B8 /* Assets.xcassets in Resources */ = {isa = PBXBuildFile; fileRef = 02B5418E2ABDE3CB009929B8 /* Assets.xcassets */; };
		02B541922ABDE3CB009929B8 /* LaunchScreen.storyboard in Resources */ = {isa = PBXBuildFile; fileRef = 02B541902ABDE3CB009929B8 /* LaunchScreen.storyboard */; };
		02F6068D2ABE81A30080A26E /* Coordinator.swift in Sources */ = {isa = PBXBuildFile; fileRef = 02F606872ABE81A30080A26E /* Coordinator.swift */; };
		02F6068E2ABE81A30080A26E /* SystemNavigation.swift in Sources */ = {isa = PBXBuildFile; fileRef = 02F606882ABE81A30080A26E /* SystemNavigation.swift */; };
		02F6068F2ABE81A30080A26E /* LifeCycleListener.swift in Sources */ = {isa = PBXBuildFile; fileRef = 02F606892ABE81A30080A26E /* LifeCycleListener.swift */; };
		02F606902ABE81A30080A26E /* Presentable.swift in Sources */ = {isa = PBXBuildFile; fileRef = 02F6068A2ABE81A30080A26E /* Presentable.swift */; };
		02F606912ABE81A30080A26E /* Transition.swift in Sources */ = {isa = PBXBuildFile; fileRef = 02F6068B2ABE81A30080A26E /* Transition.swift */; };
		02F606922ABE81A30080A26E /* Routable.swift in Sources */ = {isa = PBXBuildFile; fileRef = 02F6068C2ABE81A30080A26E /* Routable.swift */; };
		02F606972ABE81C80080A26E /* DefaultLifeCycleListener.swift in Sources */ = {isa = PBXBuildFile; fileRef = 02F606932ABE81C80080A26E /* DefaultLifeCycleListener.swift */; };
		02F606982ABE81C80080A26E /* AnyCoordinator.swift in Sources */ = {isa = PBXBuildFile; fileRef = 02F606942ABE81C80080A26E /* AnyCoordinator.swift */; };
		02F606992ABE81C80080A26E /* BaseCoordinator.swift in Sources */ = {isa = PBXBuildFile; fileRef = 02F606952ABE81C80080A26E /* BaseCoordinator.swift */; };
		02F6069A2ABE81C80080A26E /* ApplicationRouter.swift in Sources */ = {isa = PBXBuildFile; fileRef = 02F606962ABE81C80080A26E /* ApplicationRouter.swift */; };
		02F6069F2ABE81EC0080A26E /* AutomaticCoordinatorConfiguration.swift in Sources */ = {isa = PBXBuildFile; fileRef = 02F6069B2ABE81EC0080A26E /* AutomaticCoordinatorConfiguration.swift */; };
		02F606A02ABE81EC0080A26E /* ModalTransitionStyle.swift in Sources */ = {isa = PBXBuildFile; fileRef = 02F6069C2ABE81EC0080A26E /* ModalTransitionStyle.swift */; };
		02F606A12ABE81EC0080A26E /* UINavigationController+.swift in Sources */ = {isa = PBXBuildFile; fileRef = 02F6069D2ABE81EC0080A26E /* UINavigationController+.swift */; };
		02F606A22ABE81EC0080A26E /* ModalPresentationStyle.swift in Sources */ = {isa = PBXBuildFile; fileRef = 02F6069E2ABE81EC0080A26E /* ModalPresentationStyle.swift */; };
		02F606AB2ABE83810080A26E /* FadeTransition.swift in Sources */ = {isa = PBXBuildFile; fileRef = 02F606A72ABE83810080A26E /* FadeTransition.swift */; };
		02F606AC2ABE83810080A26E /* CustomTransition.swift in Sources */ = {isa = PBXBuildFile; fileRef = 02F606A82ABE83810080A26E /* CustomTransition.swift */; };
		02F606AD2ABE83810080A26E /* DismissTransition.swift in Sources */ = {isa = PBXBuildFile; fileRef = 02F606A92ABE83810080A26E /* DismissTransition.swift */; };
		02F606AE2ABE83810080A26E /* CrossDissolveTransition.swift in Sources */ = {isa = PBXBuildFile; fileRef = 02F606AA2ABE83810080A26E /* CrossDissolveTransition.swift */; };
		02F606B32ABE839A0080A26E /* PrototypeModuleViewController.swift in Sources */ = {isa = PBXBuildFile; fileRef = 02F606B12ABE839A0080A26E /* PrototypeModuleViewController.swift */; };
		02F606B92ABE83B90080A26E /* ApplicationCoordinator.swift in Sources */ = {isa = PBXBuildFile; fileRef = 02F606B52ABE83B90080A26E /* ApplicationCoordinator.swift */; };
		02F606BA2ABE83B90080A26E /* PrototypeTabCoordinator.swift in Sources */ = {isa = PBXBuildFile; fileRef = 02F606B62ABE83B90080A26E /* PrototypeTabCoordinator.swift */; };
		02F606BB2ABE83B90080A26E /* PrototypeCoordinator.swift in Sources */ = {isa = PBXBuildFile; fileRef = 02F606B72ABE83B90080A26E /* PrototypeCoordinator.swift */; };
		02F606BD2ABE83CC0080A26E /* SystemNavigationController.swift in Sources */ = {isa = PBXBuildFile; fileRef = 02F606BC2ABE83CC0080A26E /* SystemNavigationController.swift */; };
		02F606C32ABE83E10080A26E /* SystemTabBarController.swift in Sources */ = {isa = PBXBuildFile; fileRef = 02F606BF2ABE83E10080A26E /* SystemTabBarController.swift */; };
		02F606C42ABE83E10080A26E /* TabBarManager.swift in Sources */ = {isa = PBXBuildFile; fileRef = 02F606C02ABE83E10080A26E /* TabBarManager.swift */; };
		02F606C52ABE83E10080A26E /* Tab.swift in Sources */ = {isa = PBXBuildFile; fileRef = 02F606C12ABE83E10080A26E /* Tab.swift */; };
		02F606C62ABE83E10080A26E /* TabBarCoordinator.swift in Sources */ = {isa = PBXBuildFile; fileRef = 02F606C22ABE83E10080A26E /* TabBarCoordinator.swift */; };
		02F606D02ABE84340080A26E /* ModuleFactory.swift in Sources */ = {isa = PBXBuildFile; fileRef = 02F606CC2ABE84340080A26E /* ModuleFactory.swift */; };
		02F606D12ABE84340080A26E /* CoordinatorFactory.swift in Sources */ = {isa = PBXBuildFile; fileRef = 02F606CD2ABE84340080A26E /* CoordinatorFactory.swift */; };
		02F606D22ABE84340080A26E /* TransitionFactory.swift in Sources */ = {isa = PBXBuildFile; fileRef = 02F606CE2ABE84340080A26E /* TransitionFactory.swift */; };
		02F606D32ABE84340080A26E /* TabFactory.swift in Sources */ = {isa = PBXBuildFile; fileRef = 02F606CF2ABE84340080A26E /* TabFactory.swift */; };
/* End PBXBuildFile section */

/* Begin PBXFileReference section */
		021026B32ABEC1140017990B /* ProfileModuleViewController.swift */ = {isa = PBXFileReference; lastKnownFileType = sourcecode.swift; path = ProfileModuleViewController.swift; sourceTree = "<group>"; };
		021026B52ABEC7C80017990B /* ProfileTabCoordinator.swift */ = {isa = PBXFileReference; lastKnownFileType = sourcecode.swift; path = ProfileTabCoordinator.swift; sourceTree = "<group>"; };
		021026B72ABED3130017990B /* ProfileCoordinator.swift */ = {isa = PBXFileReference; lastKnownFileType = sourcecode.swift; path = ProfileCoordinator.swift; sourceTree = "<group>"; };
		02B541822ABDE3CA009929B8 /* AutomaticCoordinator.app */ = {isa = PBXFileReference; explicitFileType = wrapper.application; includeInIndex = 0; path = AutomaticCoordinator.app; sourceTree = BUILT_PRODUCTS_DIR; };
		02B541852ABDE3CA009929B8 /* AppDelegate.swift */ = {isa = PBXFileReference; lastKnownFileType = sourcecode.swift; path = AppDelegate.swift; sourceTree = "<group>"; };
		02B5418E2ABDE3CB009929B8 /* Assets.xcassets */ = {isa = PBXFileReference; lastKnownFileType = folder.assetcatalog; path = Assets.xcassets; sourceTree = "<group>"; };
		02B541912ABDE3CB009929B8 /* Base */ = {isa = PBXFileReference; lastKnownFileType = file.storyboard; name = Base; path = Base.lproj/LaunchScreen.storyboard; sourceTree = "<group>"; };
		02B541932ABDE3CB009929B8 /* Info.plist */ = {isa = PBXFileReference; lastKnownFileType = text.plist.xml; path = Info.plist; sourceTree = "<group>"; };
		02F606872ABE81A30080A26E /* Coordinator.swift */ = {isa = PBXFileReference; fileEncoding = 4; lastKnownFileType = sourcecode.swift; path = Coordinator.swift; sourceTree = "<group>"; };
		02F606882ABE81A30080A26E /* SystemNavigation.swift */ = {isa = PBXFileReference; fileEncoding = 4; lastKnownFileType = sourcecode.swift; path = SystemNavigation.swift; sourceTree = "<group>"; };
		02F606892ABE81A30080A26E /* LifeCycleListener.swift */ = {isa = PBXFileReference; fileEncoding = 4; lastKnownFileType = sourcecode.swift; path = LifeCycleListener.swift; sourceTree = "<group>"; };
		02F6068A2ABE81A30080A26E /* Presentable.swift */ = {isa = PBXFileReference; fileEncoding = 4; lastKnownFileType = sourcecode.swift; path = Presentable.swift; sourceTree = "<group>"; };
		02F6068B2ABE81A30080A26E /* Transition.swift */ = {isa = PBXFileReference; fileEncoding = 4; lastKnownFileType = sourcecode.swift; path = Transition.swift; sourceTree = "<group>"; };
		02F6068C2ABE81A30080A26E /* Routable.swift */ = {isa = PBXFileReference; fileEncoding = 4; lastKnownFileType = sourcecode.swift; path = Routable.swift; sourceTree = "<group>"; };
		02F606932ABE81C80080A26E /* DefaultLifeCycleListener.swift */ = {isa = PBXFileReference; fileEncoding = 4; lastKnownFileType = sourcecode.swift; path = DefaultLifeCycleListener.swift; sourceTree = "<group>"; };
		02F606942ABE81C80080A26E /* AnyCoordinator.swift */ = {isa = PBXFileReference; fileEncoding = 4; lastKnownFileType = sourcecode.swift; path = AnyCoordinator.swift; sourceTree = "<group>"; };
		02F606952ABE81C80080A26E /* BaseCoordinator.swift */ = {isa = PBXFileReference; fileEncoding = 4; lastKnownFileType = sourcecode.swift; path = BaseCoordinator.swift; sourceTree = "<group>"; };
		02F606962ABE81C80080A26E /* ApplicationRouter.swift */ = {isa = PBXFileReference; fileEncoding = 4; lastKnownFileType = sourcecode.swift; path = ApplicationRouter.swift; sourceTree = "<group>"; };
		02F6069B2ABE81EC0080A26E /* AutomaticCoordinatorConfiguration.swift */ = {isa = PBXFileReference; fileEncoding = 4; lastKnownFileType = sourcecode.swift; path = AutomaticCoordinatorConfiguration.swift; sourceTree = "<group>"; };
		02F6069C2ABE81EC0080A26E /* ModalTransitionStyle.swift */ = {isa = PBXFileReference; fileEncoding = 4; lastKnownFileType = sourcecode.swift; path = ModalTransitionStyle.swift; sourceTree = "<group>"; };
		02F6069D2ABE81EC0080A26E /* UINavigationController+.swift */ = {isa = PBXFileReference; fileEncoding = 4; lastKnownFileType = sourcecode.swift; path = "UINavigationController+.swift"; sourceTree = "<group>"; };
		02F6069E2ABE81EC0080A26E /* ModalPresentationStyle.swift */ = {isa = PBXFileReference; fileEncoding = 4; lastKnownFileType = sourcecode.swift; path = ModalPresentationStyle.swift; sourceTree = "<group>"; };
		02F606A72ABE83810080A26E /* FadeTransition.swift */ = {isa = PBXFileReference; fileEncoding = 4; lastKnownFileType = sourcecode.swift; path = FadeTransition.swift; sourceTree = "<group>"; };
		02F606A82ABE83810080A26E /* CustomTransition.swift */ = {isa = PBXFileReference; fileEncoding = 4; lastKnownFileType = sourcecode.swift; path = CustomTransition.swift; sourceTree = "<group>"; };
		02F606A92ABE83810080A26E /* DismissTransition.swift */ = {isa = PBXFileReference; fileEncoding = 4; lastKnownFileType = sourcecode.swift; path = DismissTransition.swift; sourceTree = "<group>"; };
		02F606AA2ABE83810080A26E /* CrossDissolveTransition.swift */ = {isa = PBXFileReference; fileEncoding = 4; lastKnownFileType = sourcecode.swift; path = CrossDissolveTransition.swift; sourceTree = "<group>"; };
		02F606B12ABE839A0080A26E /* PrototypeModuleViewController.swift */ = {isa = PBXFileReference; fileEncoding = 4; lastKnownFileType = sourcecode.swift; path = PrototypeModuleViewController.swift; sourceTree = "<group>"; };
		02F606B52ABE83B90080A26E /* ApplicationCoordinator.swift */ = {isa = PBXFileReference; fileEncoding = 4; lastKnownFileType = sourcecode.swift; path = ApplicationCoordinator.swift; sourceTree = "<group>"; };
		02F606B62ABE83B90080A26E /* PrototypeTabCoordinator.swift */ = {isa = PBXFileReference; fileEncoding = 4; lastKnownFileType = sourcecode.swift; path = PrototypeTabCoordinator.swift; sourceTree = "<group>"; };
		02F606B72ABE83B90080A26E /* PrototypeCoordinator.swift */ = {isa = PBXFileReference; fileEncoding = 4; lastKnownFileType = sourcecode.swift; path = PrototypeCoordinator.swift; sourceTree = "<group>"; };
		02F606BC2ABE83CC0080A26E /* SystemNavigationController.swift */ = {isa = PBXFileReference; fileEncoding = 4; lastKnownFileType = sourcecode.swift; path = SystemNavigationController.swift; sourceTree = "<group>"; };
		02F606BF2ABE83E10080A26E /* SystemTabBarController.swift */ = {isa = PBXFileReference; fileEncoding = 4; lastKnownFileType = sourcecode.swift; path = SystemTabBarController.swift; sourceTree = "<group>"; };
		02F606C02ABE83E10080A26E /* TabBarManager.swift */ = {isa = PBXFileReference; fileEncoding = 4; lastKnownFileType = sourcecode.swift; path = TabBarManager.swift; sourceTree = "<group>"; };
		02F606C12ABE83E10080A26E /* Tab.swift */ = {isa = PBXFileReference; fileEncoding = 4; lastKnownFileType = sourcecode.swift; path = Tab.swift; sourceTree = "<group>"; };
		02F606C22ABE83E10080A26E /* TabBarCoordinator.swift */ = {isa = PBXFileReference; fileEncoding = 4; lastKnownFileType = sourcecode.swift; path = TabBarCoordinator.swift; sourceTree = "<group>"; };
		02F606CC2ABE84340080A26E /* ModuleFactory.swift */ = {isa = PBXFileReference; fileEncoding = 4; lastKnownFileType = sourcecode.swift; path = ModuleFactory.swift; sourceTree = "<group>"; };
		02F606CD2ABE84340080A26E /* CoordinatorFactory.swift */ = {isa = PBXFileReference; fileEncoding = 4; lastKnownFileType = sourcecode.swift; path = CoordinatorFactory.swift; sourceTree = "<group>"; };
		02F606CE2ABE84340080A26E /* TransitionFactory.swift */ = {isa = PBXFileReference; fileEncoding = 4; lastKnownFileType = sourcecode.swift; path = TransitionFactory.swift; sourceTree = "<group>"; };
		02F606CF2ABE84340080A26E /* TabFactory.swift */ = {isa = PBXFileReference; fileEncoding = 4; lastKnownFileType = sourcecode.swift; path = TabFactory.swift; sourceTree = "<group>"; };
/* End PBXFileReference section */

/* Begin PBXFrameworksBuildPhase section */
		02B5417F2ABDE3CA009929B8 /* Frameworks */ = {
			isa = PBXFrameworksBuildPhase;
			buildActionMask = 2147483647;
			files = (
			);
			runOnlyForDeploymentPostprocessing = 0;
		};
/* End PBXFrameworksBuildPhase section */

/* Begin PBXGroup section */
		021026B22ABEC0F40017990B /* Profile */ = {
			isa = PBXGroup;
			children = (
				021026B32ABEC1140017990B /* ProfileModuleViewController.swift */,
			);
			path = Profile;
			sourceTree = "<group>";
		};
		02B541792ABDE3CA009929B8 = {
			isa = PBXGroup;
			children = (
				02B541842ABDE3CA009929B8 /* AutomaticCoordinator */,
				02B541832ABDE3CA009929B8 /* Products */,
			);
			sourceTree = "<group>";
		};
		02B541832ABDE3CA009929B8 /* Products */ = {
			isa = PBXGroup;
			children = (
				02B541822ABDE3CA009929B8 /* AutomaticCoordinator.app */,
			);
			name = Products;
			sourceTree = "<group>";
		};
		02B541842ABDE3CA009929B8 /* AutomaticCoordinator */ = {
			isa = PBXGroup;
			children = (
				02B541A02ABDEA49009929B8 /* App */,
				02B541992ABDE88C009929B8 /* Protocols */,
				02B541B12ABDEED7009929B8 /* Core */,
				02B541AA2ABDED7C009929B8 /* Common */,
				02F606D42ABE8E630080A26E /* AppStore */,
				02F606A32ABE82060080A26E /* Supporting Files */,
			);
			path = AutomaticCoordinator;
			sourceTree = "<group>";
		};
		02B541992ABDE88C009929B8 /* Protocols */ = {
			isa = PBXGroup;
			children = (
				02F606872ABE81A30080A26E /* Coordinator.swift */,
				02F606892ABE81A30080A26E /* LifeCycleListener.swift */,
				02F6068A2ABE81A30080A26E /* Presentable.swift */,
				02F6068C2ABE81A30080A26E /* Routable.swift */,
				02F606882ABE81A30080A26E /* SystemNavigation.swift */,
				02F6068B2ABE81A30080A26E /* Transition.swift */,
			);
			path = Protocols;
			sourceTree = "<group>";
		};
		02B541A02ABDEA49009929B8 /* App */ = {
			isa = PBXGroup;
			children = (
				02B541852ABDE3CA009929B8 /* AppDelegate.swift */,
			);
			path = App;
			sourceTree = "<group>";
		};
		02B541A12ABDEBE9009929B8 /* Factories */ = {
			isa = PBXGroup;
			children = (
				02F606CD2ABE84340080A26E /* CoordinatorFactory.swift */,
				02F606CC2ABE84340080A26E /* ModuleFactory.swift */,
				02F606CF2ABE84340080A26E /* TabFactory.swift */,
				02F606CE2ABE84340080A26E /* TransitionFactory.swift */,
			);
			path = Factories;
			sourceTree = "<group>";
		};
		02B541AA2ABDED7C009929B8 /* Common */ = {
			isa = PBXGroup;
			children = (
				02F6069B2ABE81EC0080A26E /* AutomaticCoordinatorConfiguration.swift */,
				02F6069E2ABE81EC0080A26E /* ModalPresentationStyle.swift */,
				02F6069C2ABE81EC0080A26E /* ModalTransitionStyle.swift */,
				02F6069D2ABE81EC0080A26E /* UINavigationController+.swift */,
			);
			path = Common;
			sourceTree = "<group>";
		};
		02B541B12ABDEED7009929B8 /* Core */ = {
			isa = PBXGroup;
			children = (
				02F606942ABE81C80080A26E /* AnyCoordinator.swift */,
				02F606962ABE81C80080A26E /* ApplicationRouter.swift */,
				02F606952ABE81C80080A26E /* BaseCoordinator.swift */,
				02F606932ABE81C80080A26E /* DefaultLifeCycleListener.swift */,
			);
			path = Core;
			sourceTree = "<group>";
		};
		02F606A32ABE82060080A26E /* Supporting Files */ = {
			isa = PBXGroup;
			children = (
				02B5418E2ABDE3CB009929B8 /* Assets.xcassets */,
				02B541902ABDE3CB009929B8 /* LaunchScreen.storyboard */,
				02B541932ABDE3CB009929B8 /* Info.plist */,
			);
			name = "Supporting Files";
			sourceTree = "<group>";
		};
		02F606A62ABE836D0080A26E /* UserTransition */ = {
			isa = PBXGroup;
			children = (
				02F606AA2ABE83810080A26E /* CrossDissolveTransition.swift */,
				02F606A82ABE83810080A26E /* CustomTransition.swift */,
				02F606A92ABE83810080A26E /* DismissTransition.swift */,
				02F606A72ABE83810080A26E /* FadeTransition.swift */,
			);
			path = UserTransition;
			sourceTree = "<group>";
		};
		02F606AF2ABE838C0080A26E /* Modules */ = {
			isa = PBXGroup;
			children = (
				02F606B12ABE839A0080A26E /* PrototypeModuleViewController.swift */,
				021026B22ABEC0F40017990B /* Profile */,
			);
			path = Modules;
			sourceTree = "<group>";
		};
		02F606D42ABE8E630080A26E /* AppStore */ = {
			isa = PBXGroup;
			children = (
				02F606A62ABE836D0080A26E /* UserTransition */,
				02F606AF2ABE838C0080A26E /* Modules */,
				02B541A12ABDEBE9009929B8 /* Factories */,
				02F606D52ABE8F550080A26E /* Coordinators */,
			);
			path = AppStore;
			sourceTree = "<group>";
		};
		02F606D52ABE8F550080A26E /* Coordinators */ = {
			isa = PBXGroup;
			children = (
				02F606B52ABE83B90080A26E /* ApplicationCoordinator.swift */,
				02F606B72ABE83B90080A26E /* PrototypeCoordinator.swift */,
				021026B72ABED3130017990B /* ProfileCoordinator.swift */,
				02F606B62ABE83B90080A26E /* PrototypeTabCoordinator.swift */,
				021026B52ABEC7C80017990B /* ProfileTabCoordinator.swift */,
				02F606D72ABE93DD0080A26E /* Navigation */,
				02F606D62ABE8F600080A26E /* TabBar */,
			);
			path = Coordinators;
			sourceTree = "<group>";
		};
		02F606D62ABE8F600080A26E /* TabBar */ = {
			isa = PBXGroup;
			children = (
				02F606C12ABE83E10080A26E /* Tab.swift */,
				02F606C02ABE83E10080A26E /* TabBarManager.swift */,
				02F606C22ABE83E10080A26E /* TabBarCoordinator.swift */,
				02F606BF2ABE83E10080A26E /* SystemTabBarController.swift */,
			);
			path = TabBar;
			sourceTree = "<group>";
		};
		02F606D72ABE93DD0080A26E /* Navigation */ = {
			isa = PBXGroup;
			children = (
				02F606BC2ABE83CC0080A26E /* SystemNavigationController.swift */,
			);
			path = Navigation;
			sourceTree = "<group>";
		};
/* End PBXGroup section */

/* Begin PBXNativeTarget section */
		02B541812ABDE3CA009929B8 /* AutomaticCoordinator */ = {
			isa = PBXNativeTarget;
			buildConfigurationList = 02B541962ABDE3CB009929B8 /* Build configuration list for PBXNativeTarget "AutomaticCoordinator" */;
			buildPhases = (
				02B5417E2ABDE3CA009929B8 /* Sources */,
				02B5417F2ABDE3CA009929B8 /* Frameworks */,
				02B541802ABDE3CA009929B8 /* Resources */,
			);
			buildRules = (
			);
			dependencies = (
			);
			name = AutomaticCoordinator;
			productName = AutomaticCoordinator;
			productReference = 02B541822ABDE3CA009929B8 /* AutomaticCoordinator.app */;
			productType = "com.apple.product-type.application";
		};
/* End PBXNativeTarget section */

/* Begin PBXProject section */
		02B5417A2ABDE3CA009929B8 /* Project object */ = {
			isa = PBXProject;
			attributes = {
				BuildIndependentTargetsInParallel = 1;
				LastSwiftUpdateCheck = 1500;
				LastUpgradeCheck = 1500;
				TargetAttributes = {
					02B541812ABDE3CA009929B8 = {
						CreatedOnToolsVersion = 15.0;
					};
				};
			};
			buildConfigurationList = 02B5417D2ABDE3CA009929B8 /* Build configuration list for PBXProject "AutomaticCoordinator" */;
			compatibilityVersion = "Xcode 14.0";
			developmentRegion = en;
			hasScannedForEncodings = 0;
			knownRegions = (
				en,
				Base,
			);
			mainGroup = 02B541792ABDE3CA009929B8;
			productRefGroup = 02B541832ABDE3CA009929B8 /* Products */;
			projectDirPath = "";
			projectRoot = "";
			targets = (
				02B541812ABDE3CA009929B8 /* AutomaticCoordinator */,
			);
		};
/* End PBXProject section */

/* Begin PBXResourcesBuildPhase section */
		02B541802ABDE3CA009929B8 /* Resources */ = {
			isa = PBXResourcesBuildPhase;
			buildActionMask = 2147483647;
			files = (
				02B541922ABDE3CB009929B8 /* LaunchScreen.storyboard in Resources */,
				02B5418F2ABDE3CB009929B8 /* Assets.xcassets in Resources */,
			);
			runOnlyForDeploymentPostprocessing = 0;
		};
/* End PBXResourcesBuildPhase section */

/* Begin PBXSourcesBuildPhase section */
		02B5417E2ABDE3CA009929B8 /* Sources */ = {
			isa = PBXSourcesBuildPhase;
			buildActionMask = 2147483647;
			files = (
				021026B62ABEC7C80017990B /* ProfileTabCoordinator.swift in Sources */,
				02F606D32ABE84340080A26E /* TabFactory.swift in Sources */,
				02F606A12ABE81EC0080A26E /* UINavigationController+.swift in Sources */,
				02F606C62ABE83E10080A26E /* TabBarCoordinator.swift in Sources */,
				02F6068D2ABE81A30080A26E /* Coordinator.swift in Sources */,
				02F606C42ABE83E10080A26E /* TabBarManager.swift in Sources */,
				02F606922ABE81A30080A26E /* Routable.swift in Sources */,
				02F606BD2ABE83CC0080A26E /* SystemNavigationController.swift in Sources */,
				021026B82ABED3130017990B /* ProfileCoordinator.swift in Sources */,
				021026B42ABEC1140017990B /* ProfileModuleViewController.swift in Sources */,
				02F606972ABE81C80080A26E /* DefaultLifeCycleListener.swift in Sources */,
				02F606D22ABE84340080A26E /* TransitionFactory.swift in Sources */,
				02F606D12ABE84340080A26E /* CoordinatorFactory.swift in Sources */,
				02F606C52ABE83E10080A26E /* Tab.swift in Sources */,
				02F606D02ABE84340080A26E /* ModuleFactory.swift in Sources */,
				02F606982ABE81C80080A26E /* AnyCoordinator.swift in Sources */,
				02F606BA2ABE83B90080A26E /* PrototypeTabCoordinator.swift in Sources */,
				02F6069A2ABE81C80080A26E /* ApplicationRouter.swift in Sources */,
				02F606AC2ABE83810080A26E /* CustomTransition.swift in Sources */,
				02F606B32ABE839A0080A26E /* PrototypeModuleViewController.swift in Sources */,
				02B541862ABDE3CA009929B8 /* AppDelegate.swift in Sources */,
				02F606C32ABE83E10080A26E /* SystemTabBarController.swift in Sources */,
				02F606A22ABE81EC0080A26E /* ModalPresentationStyle.swift in Sources */,
				02F6069F2ABE81EC0080A26E /* AutomaticCoordinatorConfiguration.swift in Sources */,
				02F606AE2ABE83810080A26E /* CrossDissolveTransition.swift in Sources */,
				02F606B92ABE83B90080A26E /* ApplicationCoordinator.swift in Sources */,
				02F606AB2ABE83810080A26E /* FadeTransition.swift in Sources */,
				02F606912ABE81A30080A26E /* Transition.swift in Sources */,
				02F606BB2ABE83B90080A26E /* PrototypeCoordinator.swift in Sources */,
				02F606992ABE81C80080A26E /* BaseCoordinator.swift in Sources */,
				02F6068F2ABE81A30080A26E /* LifeCycleListener.swift in Sources */,
				02F606AD2ABE83810080A26E /* DismissTransition.swift in Sources */,
				02F606902ABE81A30080A26E /* Presentable.swift in Sources */,
				02F606A02ABE81EC0080A26E /* ModalTransitionStyle.swift in Sources */,
				02F6068E2ABE81A30080A26E /* SystemNavigation.swift in Sources */,
			);
			runOnlyForDeploymentPostprocessing = 0;
		};
/* End PBXSourcesBuildPhase section */

/* Begin PBXVariantGroup section */
		02B541902ABDE3CB009929B8 /* LaunchScreen.storyboard */ = {
			isa = PBXVariantGroup;
			children = (
				02B541912ABDE3CB009929B8 /* Base */,
			);
			name = LaunchScreen.storyboard;
			sourceTree = "<group>";
		};
/* End PBXVariantGroup section */

/* Begin XCBuildConfiguration section */
		02B541942ABDE3CB009929B8 /* Debug */ = {
			isa = XCBuildConfiguration;
			buildSettings = {
				ALWAYS_SEARCH_USER_PATHS = NO;
				ASSETCATALOG_COMPILER_GENERATE_SWIFT_ASSET_SYMBOL_EXTENSIONS = YES;
				CLANG_ANALYZER_NONNULL = YES;
				CLANG_ANALYZER_NUMBER_OBJECT_CONVERSION = YES_AGGRESSIVE;
				CLANG_CXX_LANGUAGE_STANDARD = "gnu++20";
				CLANG_ENABLE_MODULES = YES;
				CLANG_ENABLE_OBJC_ARC = YES;
				CLANG_ENABLE_OBJC_WEAK = YES;
				CLANG_WARN_BLOCK_CAPTURE_AUTORELEASING = YES;
				CLANG_WARN_BOOL_CONVERSION = YES;
				CLANG_WARN_COMMA = YES;
				CLANG_WARN_CONSTANT_CONVERSION = YES;
				CLANG_WARN_DEPRECATED_OBJC_IMPLEMENTATIONS = YES;
				CLANG_WARN_DIRECT_OBJC_ISA_USAGE = YES_ERROR;
				CLANG_WARN_DOCUMENTATION_COMMENTS = YES;
				CLANG_WARN_EMPTY_BODY = YES;
				CLANG_WARN_ENUM_CONVERSION = YES;
				CLANG_WARN_INFINITE_RECURSION = YES;
				CLANG_WARN_INT_CONVERSION = YES;
				CLANG_WARN_NON_LITERAL_NULL_CONVERSION = YES;
				CLANG_WARN_OBJC_IMPLICIT_RETAIN_SELF = YES;
				CLANG_WARN_OBJC_LITERAL_CONVERSION = YES;
				CLANG_WARN_OBJC_ROOT_CLASS = YES_ERROR;
				CLANG_WARN_QUOTED_INCLUDE_IN_FRAMEWORK_HEADER = YES;
				CLANG_WARN_RANGE_LOOP_ANALYSIS = YES;
				CLANG_WARN_STRICT_PROTOTYPES = YES;
				CLANG_WARN_SUSPICIOUS_MOVE = YES;
				CLANG_WARN_UNGUARDED_AVAILABILITY = YES_AGGRESSIVE;
				CLANG_WARN_UNREACHABLE_CODE = YES;
				CLANG_WARN__DUPLICATE_METHOD_MATCH = YES;
				COPY_PHASE_STRIP = NO;
				DEBUG_INFORMATION_FORMAT = dwarf;
				ENABLE_STRICT_OBJC_MSGSEND = YES;
				ENABLE_TESTABILITY = YES;
				ENABLE_USER_SCRIPT_SANDBOXING = YES;
				GCC_C_LANGUAGE_STANDARD = gnu17;
				GCC_DYNAMIC_NO_PIC = NO;
				GCC_NO_COMMON_BLOCKS = YES;
				GCC_OPTIMIZATION_LEVEL = 0;
				GCC_PREPROCESSOR_DEFINITIONS = (
					"DEBUG=1",
					"$(inherited)",
				);
				GCC_WARN_64_TO_32_BIT_CONVERSION = YES;
				GCC_WARN_ABOUT_RETURN_TYPE = YES_ERROR;
				GCC_WARN_UNDECLARED_SELECTOR = YES;
				GCC_WARN_UNINITIALIZED_AUTOS = YES_AGGRESSIVE;
				GCC_WARN_UNUSED_FUNCTION = YES;
				GCC_WARN_UNUSED_VARIABLE = YES;
				IPHONEOS_DEPLOYMENT_TARGET = 17.0;
				LOCALIZATION_PREFERS_STRING_CATALOGS = YES;
				MTL_ENABLE_DEBUG_INFO = INCLUDE_SOURCE;
				MTL_FAST_MATH = YES;
				ONLY_ACTIVE_ARCH = YES;
				SDKROOT = iphoneos;
				SWIFT_ACTIVE_COMPILATION_CONDITIONS = "DEBUG $(inherited)";
				SWIFT_OPTIMIZATION_LEVEL = "-Onone";
			};
			name = Debug;
		};
		02B541952ABDE3CB009929B8 /* Release */ = {
			isa = XCBuildConfiguration;
			buildSettings = {
				ALWAYS_SEARCH_USER_PATHS = NO;
				ASSETCATALOG_COMPILER_GENERATE_SWIFT_ASSET_SYMBOL_EXTENSIONS = YES;
				CLANG_ANALYZER_NONNULL = YES;
				CLANG_ANALYZER_NUMBER_OBJECT_CONVERSION = YES_AGGRESSIVE;
				CLANG_CXX_LANGUAGE_STANDARD = "gnu++20";
				CLANG_ENABLE_MODULES = YES;
				CLANG_ENABLE_OBJC_ARC = YES;
				CLANG_ENABLE_OBJC_WEAK = YES;
				CLANG_WARN_BLOCK_CAPTURE_AUTORELEASING = YES;
				CLANG_WARN_BOOL_CONVERSION = YES;
				CLANG_WARN_COMMA = YES;
				CLANG_WARN_CONSTANT_CONVERSION = YES;
				CLANG_WARN_DEPRECATED_OBJC_IMPLEMENTATIONS = YES;
				CLANG_WARN_DIRECT_OBJC_ISA_USAGE = YES_ERROR;
				CLANG_WARN_DOCUMENTATION_COMMENTS = YES;
				CLANG_WARN_EMPTY_BODY = YES;
				CLANG_WARN_ENUM_CONVERSION = YES;
				CLANG_WARN_INFINITE_RECURSION = YES;
				CLANG_WARN_INT_CONVERSION = YES;
				CLANG_WARN_NON_LITERAL_NULL_CONVERSION = YES;
				CLANG_WARN_OBJC_IMPLICIT_RETAIN_SELF = YES;
				CLANG_WARN_OBJC_LITERAL_CONVERSION = YES;
				CLANG_WARN_OBJC_ROOT_CLASS = YES_ERROR;
				CLANG_WARN_QUOTED_INCLUDE_IN_FRAMEWORK_HEADER = YES;
				CLANG_WARN_RANGE_LOOP_ANALYSIS = YES;
				CLANG_WARN_STRICT_PROTOTYPES = YES;
				CLANG_WARN_SUSPICIOUS_MOVE = YES;
				CLANG_WARN_UNGUARDED_AVAILABILITY = YES_AGGRESSIVE;
				CLANG_WARN_UNREACHABLE_CODE = YES;
				CLANG_WARN__DUPLICATE_METHOD_MATCH = YES;
				COPY_PHASE_STRIP = NO;
				DEBUG_INFORMATION_FORMAT = "dwarf-with-dsym";
				ENABLE_NS_ASSERTIONS = NO;
				ENABLE_STRICT_OBJC_MSGSEND = YES;
				ENABLE_USER_SCRIPT_SANDBOXING = YES;
				GCC_C_LANGUAGE_STANDARD = gnu17;
				GCC_NO_COMMON_BLOCKS = YES;
				GCC_WARN_64_TO_32_BIT_CONVERSION = YES;
				GCC_WARN_ABOUT_RETURN_TYPE = YES_ERROR;
				GCC_WARN_UNDECLARED_SELECTOR = YES;
				GCC_WARN_UNINITIALIZED_AUTOS = YES_AGGRESSIVE;
				GCC_WARN_UNUSED_FUNCTION = YES;
				GCC_WARN_UNUSED_VARIABLE = YES;
				IPHONEOS_DEPLOYMENT_TARGET = 17.0;
				LOCALIZATION_PREFERS_STRING_CATALOGS = YES;
				MTL_ENABLE_DEBUG_INFO = NO;
				MTL_FAST_MATH = YES;
				SDKROOT = iphoneos;
				SWIFT_COMPILATION_MODE = wholemodule;
				VALIDATE_PRODUCT = YES;
			};
			name = Release;
		};
		02B541972ABDE3CB009929B8 /* Debug */ = {
			isa = XCBuildConfiguration;
			buildSettings = {
				ASSETCATALOG_COMPILER_APPICON_NAME = AppIcon;
				ASSETCATALOG_COMPILER_GLOBAL_ACCENT_COLOR_NAME = AccentColor;
				CODE_SIGN_STYLE = Automatic;
				CURRENT_PROJECT_VERSION = 1;
				DEVELOPMENT_TEAM = 723HTEFHBA;
				GENERATE_INFOPLIST_FILE = YES;
				INFOPLIST_FILE = AutomaticCoordinator/Info.plist;
				INFOPLIST_KEY_UIApplicationSupportsIndirectInputEvents = YES;
				INFOPLIST_KEY_UILaunchStoryboardName = LaunchScreen;
				INFOPLIST_KEY_UISupportedInterfaceOrientations_iPad = "UIInterfaceOrientationPortrait UIInterfaceOrientationPortraitUpsideDown UIInterfaceOrientationLandscapeLeft UIInterfaceOrientationLandscapeRight";
				INFOPLIST_KEY_UISupportedInterfaceOrientations_iPhone = "UIInterfaceOrientationPortrait UIInterfaceOrientationLandscapeLeft UIInterfaceOrientationLandscapeRight";
				LD_RUNPATH_SEARCH_PATHS = (
					"$(inherited)",
					"@executable_path/Frameworks",
				);
				MARKETING_VERSION = 1.0;
				PRODUCT_BUNDLE_IDENTIFIER = ru.fibeapp.AutomaticCoordinator;
				PRODUCT_NAME = "$(TARGET_NAME)";
				SWIFT_EMIT_LOC_STRINGS = YES;
				SWIFT_VERSION = 5.0;
				TARGETED_DEVICE_FAMILY = "1,2";
			};
			name = Debug;
		};
		02B541982ABDE3CB009929B8 /* Release */ = {
			isa = XCBuildConfiguration;
			buildSettings = {
				ASSETCATALOG_COMPILER_APPICON_NAME = AppIcon;
				ASSETCATALOG_COMPILER_GLOBAL_ACCENT_COLOR_NAME = AccentColor;
				CODE_SIGN_STYLE = Automatic;
				CURRENT_PROJECT_VERSION = 1;
				DEVELOPMENT_TEAM = 723HTEFHBA;
				GENERATE_INFOPLIST_FILE = YES;
				INFOPLIST_FILE = AutomaticCoordinator/Info.plist;
				INFOPLIST_KEY_UIApplicationSupportsIndirectInputEvents = YES;
				INFOPLIST_KEY_UILaunchStoryboardName = LaunchScreen;
				INFOPLIST_KEY_UISupportedInterfaceOrientations_iPad = "UIInterfaceOrientationPortrait UIInterfaceOrientationPortraitUpsideDown UIInterfaceOrientationLandscapeLeft UIInterfaceOrientationLandscapeRight";
				INFOPLIST_KEY_UISupportedInterfaceOrientations_iPhone = "UIInterfaceOrientationPortrait UIInterfaceOrientationLandscapeLeft UIInterfaceOrientationLandscapeRight";
				LD_RUNPATH_SEARCH_PATHS = (
					"$(inherited)",
					"@executable_path/Frameworks",
				);
				MARKETING_VERSION = 1.0;
				PRODUCT_BUNDLE_IDENTIFIER = ru.fibeapp.AutomaticCoordinator;
				PRODUCT_NAME = "$(TARGET_NAME)";
				SWIFT_EMIT_LOC_STRINGS = YES;
				SWIFT_VERSION = 5.0;
				TARGETED_DEVICE_FAMILY = "1,2";
			};
			name = Release;
		};
/* End XCBuildConfiguration section */

/* Begin XCConfigurationList section */
		02B5417D2ABDE3CA009929B8 /* Build configuration list for PBXProject "AutomaticCoordinator" */ = {
			isa = XCConfigurationList;
			buildConfigurations = (
				02B541942ABDE3CB009929B8 /* Debug */,
				02B541952ABDE3CB009929B8 /* Release */,
			);
			defaultConfigurationIsVisible = 0;
			defaultConfigurationName = Release;
		};
		02B541962ABDE3CB009929B8 /* Build configuration list for PBXNativeTarget "AutomaticCoordinator" */ = {
			isa = XCConfigurationList;
			buildConfigurations = (
				02B541972ABDE3CB009929B8 /* Debug */,
				02B541982ABDE3CB009929B8 /* Release */,
			);
			defaultConfigurationIsVisible = 0;
			defaultConfigurationName = Release;
		};
/* End XCConfigurationList section */
	};
	rootObject = 02B5417A2ABDE3CA009929B8 /* Project object */;
}
